
Microsoft Visual Studio Solution File, Format Version 12.00
# Visual Studio 2012
Project("{FAE04EC0-301F-11D3-BF4B-00C04F79EFBC}") = "RadioButtonControl", "RadioButtonControl\RadioButtonControl.csproj", "{E7EC31FE-9EA5-446F-85B1-628600933A62}"
EndProject
Global
	GlobalSection(SolutionConfigurationPlatforms) = preSolution
		Debug|Any CPU = Debug|Any CPU
		Release|Any CPU = Release|Any CPU
	EndGlobalSection
	GlobalSection(ProjectConfigurationPlatforms) = postSolution
		{E7EC31FE-9EA5-446F-85B1-628600933A62}.Debug|Any CPU.ActiveCfg = Debug|Any CPU
		{E7EC31FE-9EA5-446F-85B1-628600933A62}.Debug|Any CPU.Build.0 = Debug|Any CPU
		{E7EC31FE-9EA5-446F-85B1-628600933A62}.Release|Any CPU.ActiveCfg = Release|Any CPU
		{E7EC31FE-9EA5-446F-85B1-628600933A62}.Release|Any CPU.Build.0 = Release|Any CPU
	EndGlobalSection
	GlobalSection(SolutionProperties) = preSolution
		HideSolutionNode = FALSE
	EndGlobalSection
EndGlobal
